// !$*UTF8*$!
{
	archiveVersion = 1;
	classes = {
	};
	objectVersion = 50;
	objects = {

/* Begin PBXBuildFile section */
		648C444D266DF65900310144 /* iOSQuiz2App.swift in Sources */ = {isa = PBXBuildFile; fileRef = 648C444C266DF65900310144 /* iOSQuiz2App.swift */; };
		648C444F266DF65900310144 /* ContentView.swift in Sources */ = {isa = PBXBuildFile; fileRef = 648C444E266DF65900310144 /* ContentView.swift */; };
		648C4451266DF65A00310144 /* Assets.xcassets in Resources */ = {isa = PBXBuildFile; fileRef = 648C4450266DF65A00310144 /* Assets.xcassets */; };
		648C4454266DF65A00310144 /* Preview Assets.xcassets in Resources */ = {isa = PBXBuildFile; fileRef = 648C4453266DF65A00310144 /* Preview Assets.xcassets */; };
		648C445F266DF65A00310144 /* iOSQuiz2Tests.swift in Sources */ = {isa = PBXBuildFile; fileRef = 648C445E266DF65A00310144 /* iOSQuiz2Tests.swift */; };
		648C446A266DF65A00310144 /* iOSQuiz2UITests.swift in Sources */ = {isa = PBXBuildFile; fileRef = 648C4469266DF65A00310144 /* iOSQuiz2UITests.swift */; };
/* End PBXBuildFile section */

/* Begin PBXContainerItemProxy section */
		648C445B266DF65A00310144 /* PBXContainerItemProxy */ = {
			isa = PBXContainerItemProxy;
			containerPortal = 648C4441266DF65800310144 /* Project object */;
			proxyType = 1;
			remoteGlobalIDString = 648C4448266DF65900310144;
			remoteInfo = iOSQuiz2;
		};
		648C4466266DF65A00310144 /* PBXContainerItemProxy */ = {
			isa = PBXContainerItemProxy;
			containerPortal = 648C4441266DF65800310144 /* Project object */;
			proxyType = 1;
			remoteGlobalIDString = 648C4448266DF65900310144;
			remoteInfo = iOSQuiz2;
		};
/* End PBXContainerItemProxy section */

/* Begin PBXFileReference section */
		648C4449266DF65900310144 /* iOSQuiz2.app */ = {isa = PBXFileReference; explicitFileType = wrapper.application; includeInIndex = 0; path = iOSQuiz2.app; sourceTree = BUILT_PRODUCTS_DIR; };
		648C444C266DF65900310144 /* iOSQuiz2App.swift */ = {isa = PBXFileReference; lastKnownFileType = sourcecode.swift; path = iOSQuiz2App.swift; sourceTree = "<group>"; };
		648C444E266DF65900310144 /* ContentView.swift */ = {isa = PBXFileReference; lastKnownFileType = sourcecode.swift; path = ContentView.swift; sourceTree = "<group>"; };
		648C4450266DF65A00310144 /* Assets.xcassets */ = {isa = PBXFileReference; lastKnownFileType = folder.assetcatalog; path = Assets.xcassets; sourceTree = "<group>"; };
		648C4453266DF65A00310144 /* Preview Assets.xcassets */ = {isa = PBXFileReference; lastKnownFileType = folder.assetcatalog; path = "Preview Assets.xcassets"; sourceTree = "<group>"; };
		648C4455266DF65A00310144 /* Info.plist */ = {isa = PBXFileReference; lastKnownFileType = text.plist.xml; path = Info.plist; sourceTree = "<group>"; };
		648C445A266DF65A00310144 /* iOSQuiz2Tests.xctest */ = {isa = PBXFileReference; explicitFileType = wrapper.cfbundle; includeInIndex = 0; path = iOSQuiz2Tests.xctest; sourceTree = BUILT_PRODUCTS_DIR; };
		648C445E266DF65A00310144 /* iOSQuiz2Tests.swift */ = {isa = PBXFileReference; lastKnownFileType = sourcecode.swift; path = iOSQuiz2Tests.swift; sourceTree = "<group>"; };
		648C4460266DF65A00310144 /* Info.plist */ = {isa = PBXFileReference; lastKnownFileType = text.plist.xml; path = Info.plist; sourceTree = "<group>"; };
		648C4465266DF65A00310144 /* iOSQuiz2UITests.xctest */ = {isa = PBXFileReference; explicitFileType = wrapper.cfbundle; includeInIndex = 0; path = iOSQuiz2UITests.xctest; sourceTree = BUILT_PRODUCTS_DIR; };
		648C4469266DF65A00310144 /* iOSQuiz2UITests.swift */ = {isa = PBXFileReference; lastKnownFileType = sourcecode.swift; path = iOSQuiz2UITests.swift; sourceTree = "<group>"; };
		648C446B266DF65A00310144 /* Info.plist */ = {isa = PBXFileReference; lastKnownFileType = text.plist.xml; path = Info.plist; sourceTree = "<group>"; };
/* End PBXFileReference section */

/* Begin PBXFrameworksBuildPhase section */
		648C4446266DF65900310144 /* Frameworks */ = {
			isa = PBXFrameworksBuildPhase;
			buildActionMask = 2147483647;
			files = (
			);
			runOnlyForDeploymentPostprocessing = 0;
		};
		648C4457266DF65A00310144 /* Frameworks */ = {
			isa = PBXFrameworksBuildPhase;
			buildActionMask = 2147483647;
			files = (
			);
			runOnlyForDeploymentPostprocessing = 0;
		};
		648C4462266DF65A00310144 /* Frameworks */ = {
			isa = PBXFrameworksBuildPhase;
			buildActionMask = 2147483647;
			files = (
			);
			runOnlyForDeploymentPostprocessing = 0;
		};
/* End PBXFrameworksBuildPhase section */

/* Begin PBXGroup section */
		648C4440266DF65800310144 = {
			isa = PBXGroup;
			children = (
				648C444B266DF65900310144 /* iOSQuiz2 */,
				648C445D266DF65A00310144 /* iOSQuiz2Tests */,
				648C4468266DF65A00310144 /* iOSQuiz2UITests */,
				648C444A266DF65900310144 /* Products */,
			);
			sourceTree = "<group>";
		};
		648C444A266DF65900310144 /* Products */ = {
			isa = PBXGroup;
			children = (
				648C4449266DF65900310144 /* iOSQuiz2.app */,
				648C445A266DF65A00310144 /* iOSQuiz2Tests.xctest */,
				648C4465266DF65A00310144 /* iOSQuiz2UITests.xctest */,
			);
			name = Products;
			sourceTree = "<group>";
		};
		648C444B266DF65900310144 /* iOSQuiz2 */ = {
			isa = PBXGroup;
			children = (
				648C444C266DF65900310144 /* iOSQuiz2App.swift */,
				648C444E266DF65900310144 /* ContentView.swift */,
				648C4450266DF65A00310144 /* Assets.xcassets */,
				648C4455266DF65A00310144 /* Info.plist */,
				648C4452266DF65A00310144 /* Preview Content */,
			);
			path = iOSQuiz2;
			sourceTree = "<group>";
		};
		648C4452266DF65A00310144 /* Preview Content */ = {
			isa = PBXGroup;
			children = (
				648C4453266DF65A00310144 /* Preview Assets.xcassets */,
			);
			path = "Preview Content";
			sourceTree = "<group>";
		};
		648C445D266DF65A00310144 /* iOSQuiz2Tests */ = {
			isa = PBXGroup;
			children = (
				648C445E266DF65A00310144 /* iOSQuiz2Tests.swift */,
				648C4460266DF65A00310144 /* Info.plist */,
			);
			path = iOSQuiz2Tests;
			sourceTree = "<group>";
		};
		648C4468266DF65A00310144 /* iOSQuiz2UITests */ = {
			isa = PBXGroup;
			children = (
				648C4469266DF65A00310144 /* iOSQuiz2UITests.swift */,
				648C446B266DF65A00310144 /* Info.plist */,
			);
			path = iOSQuiz2UITests;
			sourceTree = "<group>";
		};
/* End PBXGroup section */

/* Begin PBXNativeTarget section */
		648C4448266DF65900310144 /* iOSQuiz2 */ = {
			isa = PBXNativeTarget;
			buildConfigurationList = 648C446E266DF65A00310144 /* Build configuration list for PBXNativeTarget "iOSQuiz2" */;
			buildPhases = (
				648C4445266DF65900310144 /* Sources */,
				648C4446266DF65900310144 /* Frameworks */,
				648C4447266DF65900310144 /* Resources */,
			);
			buildRules = (
			);
			dependencies = (
			);
			name = iOSQuiz2;
			productName = iOSQuiz2;
			productReference = 648C4449266DF65900310144 /* iOSQuiz2.app */;
			productType = "com.apple.product-type.application";
		};
		648C4459266DF65A00310144 /* iOSQuiz2Tests */ = {
			isa = PBXNativeTarget;
			buildConfigurationList = 648C4471266DF65A00310144 /* Build configuration list for PBXNativeTarget "iOSQuiz2Tests" */;
			buildPhases = (
				648C4456266DF65A00310144 /* Sources */,
				648C4457266DF65A00310144 /* Frameworks */,
				648C4458266DF65A00310144 /* Resources */,
			);
			buildRules = (
			);
			dependencies = (
				648C445C266DF65A00310144 /* PBXTargetDependency */,
			);
			name = iOSQuiz2Tests;
			productName = iOSQuiz2Tests;
			productReference = 648C445A266DF65A00310144 /* iOSQuiz2Tests.xctest */;
			productType = "com.apple.product-type.bundle.unit-test";
		};
		648C4464266DF65A00310144 /* iOSQuiz2UITests */ = {
			isa = PBXNativeTarget;
			buildConfigurationList = 648C4474266DF65A00310144 /* Build configuration list for PBXNativeTarget "iOSQuiz2UITests" */;
			buildPhases = (
				648C4461266DF65A00310144 /* Sources */,
				648C4462266DF65A00310144 /* Frameworks */,
				648C4463266DF65A00310144 /* Resources */,
			);
			buildRules = (
			);
			dependencies = (
				648C4467266DF65A00310144 /* PBXTargetDependency */,
			);
			name = iOSQuiz2UITests;
			productName = iOSQuiz2UITests;
			productReference = 648C4465266DF65A00310144 /* iOSQuiz2UITests.xctest */;
			productType = "com.apple.product-type.bundle.ui-testing";
		};
/* End PBXNativeTarget section */

/* Begin PBXProject section */
		648C4441266DF65800310144 /* Project object */ = {
			isa = PBXProject;
			attributes = {
				LastSwiftUpdateCheck = 1250;
				LastUpgradeCheck = 1250;
				TargetAttributes = {
					648C4448266DF65900310144 = {
						CreatedOnToolsVersion = 12.5;
					};
					648C4459266DF65A00310144 = {
						CreatedOnToolsVersion = 12.5;
						TestTargetID = 648C4448266DF65900310144;
					};
					648C4464266DF65A00310144 = {
						CreatedOnToolsVersion = 12.5;
						TestTargetID = 648C4448266DF65900310144;
					};
				};
			};
			buildConfigurationList = 648C4444266DF65800310144 /* Build configuration list for PBXProject "iOSQuiz2" */;
			compatibilityVersion = "Xcode 9.3";
			developmentRegion = en;
			hasScannedForEncodings = 0;
			knownRegions = (
				en,
				Base,
			);
			mainGroup = 648C4440266DF65800310144;
			productRefGroup = 648C444A266DF65900310144 /* Products */;
			projectDirPath = "";
			projectRoot = "";
			targets = (
				648C4448266DF65900310144 /* iOSQuiz2 */,
				648C4459266DF65A00310144 /* iOSQuiz2Tests */,
				648C4464266DF65A00310144 /* iOSQuiz2UITests */,
			);
		};
/* End PBXProject section */

/* Begin PBXResourcesBuildPhase section */
		648C4447266DF65900310144 /* Resources */ = {
			isa = PBXResourcesBuildPhase;
			buildActionMask = 2147483647;
			files = (
				648C4454266DF65A00310144 /* Preview Assets.xcassets in Resources */,
				648C4451266DF65A00310144 /* Assets.xcassets in Resources */,
			);
			runOnlyForDeploymentPostprocessing = 0;
		};
		648C4458266DF65A00310144 /* Resources */ = {
			isa = PBXResourcesBuildPhase;
			buildActionMask = 2147483647;
			files = (
			);
			runOnlyForDeploymentPostprocessing = 0;
		};
		648C4463266DF65A00310144 /* Resources */ = {
			isa = PBXResourcesBuildPhase;
			buildActionMask = 2147483647;
			files = (
			);
			runOnlyForDeploymentPostprocessing = 0;
		};
/* End PBXResourcesBuildPhase section */

/* Begin PBXSourcesBuildPhase section */
		648C4445266DF65900310144 /* Sources */ = {
			isa = PBXSourcesBuildPhase;
			buildActionMask = 2147483647;
			files = (
				648C444F266DF65900310144 /* ContentView.swift in Sources */,
				648C444D266DF65900310144 /* iOSQuiz2App.swift in Sources */,
			);
			runOnlyForDeploymentPostprocessing = 0;
		};
		648C4456266DF65A00310144 /* Sources */ = {
			isa = PBXSourcesBuildPhase;
			buildActionMask = 2147483647;
			files = (
				648C445F266DF65A00310144 /* iOSQuiz2Tests.swift in Sources */,
			);
			runOnlyForDeploymentPostprocessing = 0;
		};
		648C4461266DF65A00310144 /* Sources */ = {
			isa = PBXSourcesBuildPhase;
			buildActionMask = 2147483647;
			files = (
				648C446A266DF65A00310144 /* iOSQuiz2UITests.swift in Sources */,
			);
			runOnlyForDeploymentPostprocessing = 0;
		};
/* End PBXSourcesBuildPhase section */

/* Begin PBXTargetDependency section */
		648C445C266DF65A00310144 /* PBXTargetDependency */ = {
			isa = PBXTargetDependency;
			target = 648C4448266DF65900310144 /* iOSQuiz2 */;
			targetProxy = 648C445B266DF65A00310144 /* PBXContainerItemProxy */;
		};
		648C4467266DF65A00310144 /* PBXTargetDependency */ = {
			isa = PBXTargetDependency;
			target = 648C4448266DF65900310144 /* iOSQuiz2 */;
			targetProxy = 648C4466266DF65A00310144 /* PBXContainerItemProxy */;
		};
/* End PBXTargetDependency section */

/* Begin XCBuildConfiguration section */
		648C446C266DF65A00310144 /* Debug */ = {
			isa = XCBuildConfiguration;
			buildSettings = {
				ALWAYS_SEARCH_USER_PATHS = NO;
				CLANG_ANALYZER_NONNULL = YES;
				CLANG_ANALYZER_NUMBER_OBJECT_CONVERSION = YES_AGGRESSIVE;
				CLANG_CXX_LANGUAGE_STANDARD = "gnu++14";
				CLANG_CXX_LIBRARY = "libc++";
				CLANG_ENABLE_MODULES = YES;
				CLANG_ENABLE_OBJC_ARC = YES;
				CLANG_ENABLE_OBJC_WEAK = YES;
				CLANG_WARN_BLOCK_CAPTURE_AUTORELEASING = YES;
				CLANG_WARN_BOOL_CONVERSION = YES;
				CLANG_WARN_COMMA = YES;
				CLANG_WARN_CONSTANT_CONVERSION = YES;
				CLANG_WARN_DEPRECATED_OBJC_IMPLEMENTATIONS = YES;
				CLANG_WARN_DIRECT_OBJC_ISA_USAGE = YES_ERROR;
				CLANG_WARN_DOCUMENTATION_COMMENTS = YES;
				CLANG_WARN_EMPTY_BODY = YES;
				CLANG_WARN_ENUM_CONVERSION = YES;
				CLANG_WARN_INFINITE_RECURSION = YES;
				CLANG_WARN_INT_CONVERSION = YES;
				CLANG_WARN_NON_LITERAL_NULL_CONVERSION = YES;
				CLANG_WARN_OBJC_IMPLICIT_RETAIN_SELF = YES;
				CLANG_WARN_OBJC_LITERAL_CONVERSION = YES;
				CLANG_WARN_OBJC_ROOT_CLASS = YES_ERROR;
				CLANG_WARN_QUOTED_INCLUDE_IN_FRAMEWORK_HEADER = YES;
				CLANG_WARN_RANGE_LOOP_ANALYSIS = YES;
				CLANG_WARN_STRICT_PROTOTYPES = YES;
				CLANG_WARN_SUSPICIOUS_MOVE = YES;
				CLANG_WARN_UNGUARDED_AVAILABILITY = YES_AGGRESSIVE;
				CLANG_WARN_UNREACHABLE_CODE = YES;
				CLANG_WARN__DUPLICATE_METHOD_MATCH = YES;
				COPY_PHASE_STRIP = NO;
				DEBUG_INFORMATION_FORMAT = dwarf;
				ENABLE_STRICT_OBJC_MSGSEND = YES;
				ENABLE_TESTABILITY = YES;
				GCC_C_LANGUAGE_STANDARD = gnu11;
				GCC_DYNAMIC_NO_PIC = NO;
				GCC_NO_COMMON_BLOCKS = YES;
				GCC_OPTIMIZATION_LEVEL = 0;
				GCC_PREPROCESSOR_DEFINITIONS = (
					"DEBUG=1",
					"$(inherited)",
				);
				GCC_WARN_64_TO_32_BIT_CONVERSION = YES;
				GCC_WARN_ABOUT_RETURN_TYPE = YES_ERROR;
				GCC_WARN_UNDECLARED_SELECTOR = YES;
				GCC_WARN_UNINITIALIZED_AUTOS = YES_AGGRESSIVE;
				GCC_WARN_UNUSED_FUNCTION = YES;
				GCC_WARN_UNUSED_VARIABLE = YES;
				IPHONEOS_DEPLOYMENT_TARGET = 14.5;
				MTL_ENABLE_DEBUG_INFO = INCLUDE_SOURCE;
				MTL_FAST_MATH = YES;
				ONLY_ACTIVE_ARCH = YES;
				SDKROOT = iphoneos;
				SWIFT_ACTIVE_COMPILATION_CONDITIONS = DEBUG;
				SWIFT_OPTIMIZATION_LEVEL = "-Onone";
			};
			name = Debug;
		};
		648C446D266DF65A00310144 /* Release */ = {
			isa = XCBuildConfiguration;
			buildSettings = {
				ALWAYS_SEARCH_USER_PATHS = NO;
				CLANG_ANALYZER_NONNULL = YES;
				CLANG_ANALYZER_NUMBER_OBJECT_CONVERSION = YES_AGGRESSIVE;
				CLANG_CXX_LANGUAGE_STANDARD = "gnu++14";
				CLANG_CXX_LIBRARY = "libc++";
				CLANG_ENABLE_MODULES = YES;
				CLANG_ENABLE_OBJC_ARC = YES;
				CLANG_ENABLE_OBJC_WEAK = YES;
				CLANG_WARN_BLOCK_CAPTURE_AUTORELEASING = YES;
				CLANG_WARN_BOOL_CONVERSION = YES;
				CLANG_WARN_COMMA = YES;
				CLANG_WARN_CONSTANT_CONVERSION = YES;
				CLANG_WARN_DEPRECATED_OBJC_IMPLEMENTATIONS = YES;
				CLANG_WARN_DIRECT_OBJC_ISA_USAGE = YES_ERROR;
				CLANG_WARN_DOCUMENTATION_COMMENTS = YES;
				CLANG_WARN_EMPTY_BODY = YES;
				CLANG_WARN_ENUM_CONVERSION = YES;
				CLANG_WARN_INFINITE_RECURSION = YES;
				CLANG_WARN_INT_CONVERSION = YES;
				CLANG_WARN_NON_LITERAL_NULL_CONVERSION = YES;
				CLANG_WARN_OBJC_IMPLICIT_RETAIN_SELF = YES;
				CLANG_WARN_OBJC_LITERAL_CONVERSION = YES;
				CLANG_WARN_OBJC_ROOT_CLASS = YES_ERROR;
				CLANG_WARN_QUOTED_INCLUDE_IN_FRAMEWORK_HEADER = YES;
				CLANG_WARN_RANGE_LOOP_ANALYSIS = YES;
				CLANG_WARN_STRICT_PROTOTYPES = YES;
				CLANG_WARN_SUSPICIOUS_MOVE = YES;
				CLANG_WARN_UNGUARDED_AVAILABILITY = YES_AGGRESSIVE;
				CLANG_WARN_UNREACHABLE_CODE = YES;
				CLANG_WARN__DUPLICATE_METHOD_MATCH = YES;
				COPY_PHASE_STRIP = NO;
				DEBUG_INFORMATION_FORMAT = "dwarf-with-dsym";
				ENABLE_NS_ASSERTIONS = NO;
				ENABLE_STRICT_OBJC_MSGSEND = YES;
				GCC_C_LANGUAGE_STANDARD = gnu11;
				GCC_NO_COMMON_BLOCKS = YES;
				GCC_WARN_64_TO_32_BIT_CONVERSION = YES;
				GCC_WARN_ABOUT_RETURN_TYPE = YES_ERROR;
				GCC_WARN_UNDECLARED_SELECTOR = YES;
				GCC_WARN_UNINITIALIZED_AUTOS = YES_AGGRESSIVE;
				GCC_WARN_UNUSED_FUNCTION = YES;
				GCC_WARN_UNUSED_VARIABLE = YES;
				IPHONEOS_DEPLOYMENT_TARGET = 14.5;
				MTL_ENABLE_DEBUG_INFO = NO;
				MTL_FAST_MATH = YES;
				SDKROOT = iphoneos;
				SWIFT_COMPILATION_MODE = wholemodule;
				SWIFT_OPTIMIZATION_LEVEL = "-O";
				VALIDATE_PRODUCT = YES;
			};
			name = Release;
		};
		648C446F266DF65A00310144 /* Debug */ = {
			isa = XCBuildConfiguration;
			buildSettings = {
				ASSETCATALOG_COMPILER_APPICON_NAME = AppIcon;
				ASSETCATALOG_COMPILER_GLOBAL_ACCENT_COLOR_NAME = AccentColor;
				CODE_SIGN_STYLE = Automatic;
				DEVELOPMENT_ASSET_PATHS = "\"iOSQuiz2/Preview Content\"";
				DEVELOPMENT_TEAM = GRGPSR9JWG;
				ENABLE_PREVIEWS = YES;
				INFOPLIST_FILE = iOSQuiz2/Info.plist;
				IPHONEOS_DEPLOYMENT_TARGET = 14.0;
				LD_RUNPATH_SEARCH_PATHS = (
					"$(inherited)",
					"@executable_path/Frameworks",
				);
				PRODUCT_BUNDLE_IDENTIFIER = none.iOSQuiz2;
				PRODUCT_NAME = "$(TARGET_NAME)";
				SWIFT_VERSION = 5.0;
				TARGETED_DEVICE_FAMILY = "1,2";
			};
			name = Debug;
		};
		648C4470266DF65A00310144 /* Release */ = {
			isa = XCBuildConfiguration;
			buildSettings = {
				ASSETCATALOG_COMPILER_APPICON_NAME = AppIcon;
				ASSETCATALOG_COMPILER_GLOBAL_ACCENT_COLOR_NAME = AccentColor;
				CODE_SIGN_STYLE = Automatic;
				DEVELOPMENT_ASSET_PATHS = "\"iOSQuiz2/Preview Content\"";
				DEVELOPMENT_TEAM = GRGPSR9JWG;
				ENABLE_PREVIEWS = YES;
				INFOPLIST_FILE = iOSQuiz2/Info.plist;
				IPHONEOS_DEPLOYMENT_TARGET = 14.0;
				LD_RUNPATH_SEARCH_PATHS = (
					"$(inherited)",
					"@executable_path/Frameworks",
				);
				PRODUCT_BUNDLE_IDENTIFIER = none.iOSQuiz2;
				PRODUCT_NAME = "$(TARGET_NAME)";
				SWIFT_VERSION = 5.0;
				TARGETED_DEVICE_FAMILY = "1,2";
			};
			name = Release;
		};
		648C4472266DF65A00310144 /* Debug */ = {
			isa = XCBuildConfiguration;
			buildSettings = {
				ALWAYS_EMBED_SWIFT_STANDARD_LIBRARIES = YES;
				BUNDLE_LOADER = "$(TEST_HOST)";
				CODE_SIGN_STYLE = Automatic;
				DEVELOPMENT_TEAM = GRGPSR9JWG;
				INFOPLIST_FILE = iOSQuiz2Tests/Info.plist;
				IPHONEOS_DEPLOYMENT_TARGET = 14.0;
				LD_RUNPATH_SEARCH_PATHS = (
					"$(inherited)",
					"@executable_path/Frameworks",
					"@loader_path/Frameworks",
				);
				PRODUCT_BUNDLE_IDENTIFIER = none.iOSQuiz2Tests;
				PRODUCT_NAME = "$(TARGET_NAME)";
				SWIFT_VERSION = 5.0;
				TARGETED_DEVICE_FAMILY = "1,2";
				TEST_HOST = "$(BUILT_PRODUCTS_DIR)/iOSQuiz2.app/iOSQuiz2";
			};
			name = Debug;
		};
		648C4473266DF65A00310144 /* Release */ = {
			isa = XCBuildConfiguration;
			buildSettings = {
				ALWAYS_EMBED_SWIFT_STANDARD_LIBRARIES = YES;
				BUNDLE_LOADER = "$(TEST_HOST)";
				CODE_SIGN_STYLE = Automatic;
				DEVELOPMENT_TEAM = GRGPSR9JWG;
				INFOPLIST_FILE = iOSQuiz2Tests/Info.plist;
				IPHONEOS_DEPLOYMENT_TARGET = 14.0;
				LD_RUNPATH_SEARCH_PATHS = (
					"$(inherited)",
					"@executable_path/Frameworks",
					"@loader_path/Frameworks",
				);
				PRODUCT_BUNDLE_IDENTIFIER = none.iOSQuiz2Tests;
				PRODUCT_NAME = "$(TARGET_NAME)";
				SWIFT_VERSION = 5.0;
				TARGETED_DEVICE_FAMILY = "1,2";
				TEST_HOST = "$(BUILT_PRODUCTS_DIR)/iOSQuiz2.app/iOSQuiz2";
			};
			name = Release;
		};
		648C4475266DF65A00310144 /* Debug */ = {
			isa = XCBuildConfiguration;
			buildSettings = {
				ALWAYS_EMBED_SWIFT_STANDARD_LIBRARIES = YES;
				CODE_SIGN_STYLE = Automatic;
				DEVELOPMENT_TEAM = GRGPSR9JWG;
				INFOPLIST_FILE = iOSQuiz2UITests/Info.plist;
				LD_RUNPATH_SEARCH_PATHS = (
					"$(inherited)",
					"@executable_path/Frameworks",
					"@loader_path/Frameworks",
				);
				PRODUCT_BUNDLE_IDENTIFIER = none.iOSQuiz2UITests;
				PRODUCT_NAME = "$(TARGET_NAME)";
				SWIFT_VERSION = 5.0;
				TARGETED_DEVICE_FAMILY = "1,2";
				TEST_TARGET_NAME = iOSQuiz2;
			};
			name = Debug;
		};
		648C4476266DF65A00310144 /* Release */ = {
			isa = XCBuildConfiguration;
			buildSettings = {
				ALWAYS_EMBED_SWIFT_STANDARD_LIBRARIES = YES;
				CODE_SIGN_STYLE = Automatic;
				DEVELOPMENT_TEAM = GRGPSR9JWG;
				INFOPLIST_FILE = iOSQuiz2UITests/Info.plist;
				LD_RUNPATH_SEARCH_PATHS = (
					"$(inherited)",
					"@executable_path/Frameworks",
					"@loader_path/Frameworks",
				);
				PRODUCT_BUNDLE_IDENTIFIER = none.iOSQuiz2UITests;
				PRODUCT_NAME = "$(TARGET_NAME)";
				SWIFT_VERSION = 5.0;
				TARGETED_DEVICE_FAMILY = "1,2";
				TEST_TARGET_NAME = iOSQuiz2;
			};
			name = Release;
		};
/* End XCBuildConfiguration section */

/* Begin XCConfigurationList section */
		648C4444266DF65800310144 /* Build configuration list for PBXProject "iOSQuiz2" */ = {
			isa = XCConfigurationList;
			buildConfigurations = (
				648C446C266DF65A00310144 /* Debug */,
				648C446D266DF65A00310144 /* Release */,
			);
			defaultConfigurationIsVisible = 0;
			defaultConfigurationName = Release;
		};
		648C446E266DF65A00310144 /* Build configuration list for PBXNativeTarget "iOSQuiz2" */ = {
			isa = XCConfigurationList;
			buildConfigurations = (
				648C446F266DF65A00310144 /* Debug */,
				648C4470266DF65A00310144 /* Release */,
			);
			defaultConfigurationIsVisible = 0;
			defaultConfigurationName = Release;
		};
		648C4471266DF65A00310144 /* Build configuration list for PBXNativeTarget "iOSQuiz2Tests" */ = {
			isa = XCConfigurationList;
			buildConfigurations = (
				648C4472266DF65A00310144 /* Debug */,
				648C4473266DF65A00310144 /* Release */,
			);
			defaultConfigurationIsVisible = 0;
			defaultConfigurationName = Release;
		};
		648C4474266DF65A00310144 /* Build configuration list for PBXNativeTarget "iOSQuiz2UITests" */ = {
			isa = XCConfigurationList;
			buildConfigurations = (
				648C4475266DF65A00310144 /* Debug */,
				648C4476266DF65A00310144 /* Release */,
			);
			defaultConfigurationIsVisible = 0;
			defaultConfigurationName = Release;
		};
/* End XCConfigurationList section */
	};
	rootObject = 648C4441266DF65800310144 /* Project object */;
}
